# This file is autogenerated, do not edit; changes may be undone by the next 'dep ensure'.


[[projects]]
  name = "github.com/lucasb-eyer/go-colorful"
  packages = ["."]
  revision = "345fbb3dbcdb252d9985ee899a84963c0fa24c82"
  version = "v1.0"

[[projects]]
  branch = "master"
  name = "golang.org/x/crypto"
  packages = [
    "hkdf",
    "sha3"
  ]
  revision = "b47b1587369238182299fe4dad77d05b8b461e06"

[solve-meta]
  analyzer-name = "dep"
  analyzer-version = 1
  inputs-digest = "ba1021e0cfac94dc74814147ab188782d4032e853b55606d4b987da0ef20176a"
  solver-name = "gps-cdcl"
  solver-version = 1
